
Microsoft Visual Studio Solution File, Format Version 12.00
Project("{FAE04EC0-301F-11D3-BF4B-00C04F79EFBC}") = "PlatipusWallet", "PlatipusWallet\PlatipusWallet.csproj", "{FB67F84D-5603-40A3-8298-505518DC29B3}"
EndProject
Global
	GlobalSection(SolutionConfigurationPlatforms) = preSolution
		Debug|Any CPU = Debug|Any CPU
		Release|Any CPU = Release|Any CPU
	EndGlobalSection
	GlobalSection(ProjectConfigurationPlatforms) = postSolution
		{FB67F84D-5603-40A3-8298-505518DC29B3}.Debug|Any CPU.ActiveCfg = Debug|Any CPU
		{FB67F84D-5603-40A3-8298-505518DC29B3}.Debug|Any CPU.Build.0 = Debug|Any CPU
		{FB67F84D-5603-40A3-8298-505518DC29B3}.Release|Any CPU.ActiveCfg = Release|Any CPU
		{FB67F84D-5603-40A3-8298-505518DC29B3}.Release|Any CPU.Build.0 = Release|Any CPU
	EndGlobalSection
EndGlobal
